<?xml version="1.0" encoding="utf-8"?>
<Project ToolsVersion="4.0" xmlns="http://schemas.microsoft.com/developer/msbuild/2003">
  <ItemGroup>
    <Filter Include="Source Files">
      <UniqueIdentifier>{4FC737F1-C7A5-4376-A066-2A32D752A2FF}</UniqueIdentifier>
      <Extensions>cpp;c;cc;cxx;def;odl;idl;hpj;bat;asm;asmx</Extensions>
    </Filter>
    <Filter Include="Header Files">
      <UniqueIdentifier>{93995380-89BD-4b04-88EB-625FBE52EBFB}</UniqueIdentifier>
      <Extensions>h;hh;hpp;hxx;hm;inl;inc;xsd</Extensions>
    </Filter>
    <Filter Include="Resource Files">
      <UniqueIdentifier>{67DA6AB6-F800-4c08-8B7A-83BB121AAD01}</UniqueIdentifier>
      <Extensions>rc;ico;cur;bmp;dlg;rc2;rct;bin;rgs;gif;jpg;jpeg;jpe;resx;tiff;tif;png;wav;mfcribbon-ms</Extensions>
    </Filter>
    <Filter Include="json">
      <UniqueIdentifier>{93c5ddd5-65e0-4248-b7a1-978939495e5d}</UniqueIdentifier>
    </Filter>
    <Filter Include="Header Files\Imgui_h">
      <UniqueIdentifier>{87888318-8319-419e-979a-00103beadcf0}</UniqueIdentifier>
    </Filter>
    <Filter Include="Source Files\Imgui_cpp">
      <UniqueIdentifier>{4e9d609f-ad27-4f36-bf1c-c8a32a164144}</UniqueIdentifier>
    </Filter>
    <Filter Include="Source Files\Block/BlockChain">
      <UniqueIdentifier>{b98df233-060d-4870-9565-e1ddd8474024}</UniqueIdentifier>
    </Filter>
    <Filter Include="Header Files\Block/BlockChain">
      <UniqueIdentifier>{3211a397-385e-4bcd-8ab2-e1356fb1f72e}</UniqueIdentifier>
    </Filter>
    <Filter Include="Source Files\Nodes">
      <UniqueIdentifier>{f16f97f8-e41f-40a5-a9a5-62a0e803dc0d}</UniqueIdentifier>
    </Filter>
    <Filter Include="Source Files\Client /Server">
      <UniqueIdentifier>{b35af2a3-bba5-4858-9757-2c21776c9c3b}</UniqueIdentifier>
    </Filter>
    <Filter Include="Header Files\Nodes">
      <UniqueIdentifier>{322fc5e9-be86-4442-a532-623b487efe35}</UniqueIdentifier>
    </Filter>
    <Filter Include="Header Files\Client /Server">
      <UniqueIdentifier>{8407478b-f435-40f3-b5cc-2f0cc43e540d}</UniqueIdentifier>
    </Filter>
  </ItemGroup>
  <ItemGroup>
    <ClCompile Include="main.cpp">
      <Filter>Source Files</Filter>
    </ClCompile>
    <ClCompile Include="Graphic.cpp">
      <Filter>Source Files</Filter>
    </ClCompile>
    <ClCompile Include="Imgui_files\imgui.cpp">
      <Filter>Source Files\Imgui_cpp</Filter>
    </ClCompile>
    <ClCompile Include="Imgui_files\imgui_demo.cpp">
      <Filter>Source Files\Imgui_cpp</Filter>
    </ClCompile>
    <ClCompile Include="Imgui_files\imgui_draw.cpp">
      <Filter>Source Files\Imgui_cpp</Filter>
    </ClCompile>
    <ClCompile Include="Imgui_files\imgui_impl_allegro5.cpp">
      <Filter>Source Files\Imgui_cpp</Filter>
    </ClCompile>
    <ClCompile Include="Imgui_files\imgui_widgets.cpp">
      <Filter>Source Files\Imgui_cpp</Filter>
    </ClCompile>
    <ClCompile Include="Block.cpp">
      <Filter>Source Files\Block/BlockChain</Filter>
    </ClCompile>
    <ClCompile Include="Blockchain.cpp">
      <Filter>Source Files\Block/BlockChain</Filter>
    </ClCompile>
    <ClCompile Include="borradores.cpp">
      <Filter>Resource Files</Filter>
    </ClCompile>
    <ClCompile Include="NodeClient.cpp">
      <Filter>Source Files\Client /Server</Filter>
    </ClCompile>
    <ClCompile Include="Node.cpp">
      <Filter>Source Files\Nodes</Filter>
    </ClCompile>
    <ClCompile Include="NodeServer.cpp">
      <Filter>Source Files\Client /Server</Filter>
    </ClCompile>
    <ClCompile Include="FullNode.cpp">
      <Filter>Source Files\Nodes</Filter>
    </ClCompile>
    <ClCompile Include="SPVNode.cpp">
      <Filter>Source Files\Nodes</Filter>
    </ClCompile>
  </ItemGroup>
  <ItemGroup>
    <ClInclude Include="json.hpp">
      <Filter>Header Files</Filter>
    </ClInclude>
    <ClInclude Include="Graphic.h">
      <Filter>Header Files</Filter>
    </ClInclude>
    <ClInclude Include="Imgui_files\imconfig.h">
      <Filter>Header Files\Imgui_h</Filter>
    </ClInclude>
    <ClInclude Include="Imgui_files\imgui.h">
      <Filter>Header Files\Imgui_h</Filter>
    </ClInclude>
    <ClInclude Include="Imgui_files\imgui_impl_allegro5.h">
      <Filter>Header Files\Imgui_h</Filter>
    </ClInclude>
    <ClInclude Include="Imgui_files\imgui_internal.h">
      <Filter>Header Files\Imgui_h</Filter>
    </ClInclude>
    <ClInclude Include="Imgui_files\imstb_rectpack.h">
      <Filter>Header Files\Imgui_h</Filter>
    </ClInclude>
    <ClInclude Include="Imgui_files\imstb_textedit.h">
      <Filter>Header Files\Imgui_h</Filter>
    </ClInclude>
    <ClInclude Include="Imgui_files\imstb_truetype.h">
      <Filter>Header Files\Imgui_h</Filter>
    </ClInclude>
    <ClInclude Include="Block.h">
      <Filter>Header Files\Block/BlockChain</Filter>
    </ClInclude>
    <ClInclude Include="Blockchain.h">
      <Filter>Header Files\Block/BlockChain</Filter>
    </ClInclude>
    <ClInclude Include="NodeClient.h">
      <Filter>Header Files\Client /Server</Filter>
    </ClInclude>
    <ClInclude Include="Node.h">
      <Filter>Header Files\Nodes</Filter>
    </ClInclude>
    <ClInclude Include="NodeServer.h">
      <Filter>Header Files\Client /Server</Filter>
    </ClInclude>
    <ClInclude Include="FullNode.h">
      <Filter>Header Files\Nodes</Filter>
    </ClInclude>
    <ClInclude Include="SPVNode.h">
      <Filter>Header Files\Nodes</Filter>
    </ClInclude>
  </ItemGroup>
  <ItemGroup>
    <None Include="Imgui_files\imgui.ini">
      <Filter>Source Files\Imgui_cpp</Filter>
    </None>
    <None Include="packages.config" />
    <None Include="blockChain4.json">
      <Filter>json</Filter>
    </None>
    <None Include="blockChain32.json">
      <Filter>json</Filter>
    </None>
  </ItemGroup>
</Project>